
Microsoft Visual Studio Solution File, Format Version 12.00
# Visual Studio Version 17
VisualStudioVersion = 17.10.34928.147
MinimumVisualStudioVersion = 10.0.40219.1
Project("{FAE04EC0-301F-11D3-BF4B-00C04F79EFBC}") = "CampSoft", "CampSoft\CampSoft.csproj", "{62D47315-6506-4A06-A69D-D4C71F185A9B}"
EndProject
Global
	GlobalSection(SolutionConfigurationPlatforms) = preSolution
		Debug|Any CPU = Debug|Any CPU
		Release|Any CPU = Release|Any CPU
	EndGlobalSection
	GlobalSection(ProjectConfigurationPlatforms) = postSolution
		{62D47315-6506-4A06-A69D-D4C71F185A9B}.Debug|Any CPU.ActiveCfg = Debug|Any CPU
		{62D47315-6506-4A06-A69D-D4C71F185A9B}.Debug|Any CPU.Build.0 = Debug|Any CPU
		{62D47315-6506-4A06-A69D-D4C71F185A9B}.Debug|Any CPU.Deploy.0 = Debug|Any CPU
		{62D47315-6506-4A06-A69D-D4C71F185A9B}.Release|Any CPU.ActiveCfg = Release|Any CPU
		{62D47315-6506-4A06-A69D-D4C71F185A9B}.Release|Any CPU.Build.0 = Release|Any CPU
		{62D47315-6506-4A06-A69D-D4C71F185A9B}.Release|Any CPU.Deploy.0 = Release|Any CPU
	EndGlobalSection
	GlobalSection(SolutionProperties) = preSolution
		HideSolutionNode = FALSE
	EndGlobalSection
	GlobalSection(ExtensibilityGlobals) = postSolution
		SolutionGuid = {9B615102-CDD4-4833-82E2-4881D8393AC4}
	EndGlobalSection
EndGlobal
